
Microsoft Visual Studio Solution File, Format Version 12.00
# Visual Studio Version 16
VisualStudioVersion = 16.0.30523.141
MinimumVisualStudioVersion = 10.0.40219.1
Project("{FAE04EC0-301F-11D3-BF4B-00C04F79EFBC}") = "Bccr.PlaceHolder.Abstracciones", "Bccr.PlaceHolder.Abstracciones\Bccr.PlaceHolder.Abstracciones.csproj", "{E9F3A51C-EFD4-469B-9C36-7488931C184B}"
EndProject
Global
	GlobalSection(SolutionConfigurationPlatforms) = preSolution
		Debug|Any CPU = Debug|Any CPU
		Release|Any CPU = Release|Any CPU
	EndGlobalSection
	GlobalSection(ProjectConfigurationPlatforms) = postSolution
		{E9F3A51C-EFD4-469B-9C36-7488931C184B}.Debug|Any CPU.ActiveCfg = Debug|Any CPU
		{E9F3A51C-EFD4-469B-9C36-7488931C184B}.Debug|Any CPU.Build.0 = Debug|Any CPU
		{E9F3A51C-EFD4-469B-9C36-7488931C184B}.Release|Any CPU.ActiveCfg = Release|Any CPU
		{E9F3A51C-EFD4-469B-9C36-7488931C184B}.Release|Any CPU.Build.0 = Release|Any CPU
	EndGlobalSection
	GlobalSection(SolutionProperties) = preSolution
		HideSolutionNode = FALSE
	EndGlobalSection
	GlobalSection(ExtensibilityGlobals) = postSolution
		SolutionGuid = {BB61AC68-B5D6-43CB-868B-2B18432EEF1F}
	EndGlobalSection
EndGlobal
