
Microsoft Visual Studio Solution File, Format Version 12.00
# Visual Studio Version 16
VisualStudioVersion = 16.0.30523.141
MinimumVisualStudioVersion = 10.0.40219.1
Project("{FAE04EC0-301F-11D3-BF4B-00C04F79EFBC}") = "Bccr.PlaceHolderAbstracciones.MAPI", "Bccr.PlaceHolderAbstracciones.MAPI\Bccr.PlaceHolderAbstracciones.MAPI.csproj", "{DA95F5D6-9722-4EE3-8200-E0B28EF02855}"
EndProject
Global
	GlobalSection(SolutionConfigurationPlatforms) = preSolution
		Debug|Any CPU = Debug|Any CPU
		Release|Any CPU = Release|Any CPU
	EndGlobalSection
	GlobalSection(ProjectConfigurationPlatforms) = postSolution
		{DA95F5D6-9722-4EE3-8200-E0B28EF02855}.Debug|Any CPU.ActiveCfg = Debug|Any CPU
		{DA95F5D6-9722-4EE3-8200-E0B28EF02855}.Debug|Any CPU.Build.0 = Debug|Any CPU
		{DA95F5D6-9722-4EE3-8200-E0B28EF02855}.Release|Any CPU.ActiveCfg = Release|Any CPU
		{DA95F5D6-9722-4EE3-8200-E0B28EF02855}.Release|Any CPU.Build.0 = Release|Any CPU
	EndGlobalSection
	GlobalSection(SolutionProperties) = preSolution
		HideSolutionNode = FALSE
	EndGlobalSection
	GlobalSection(ExtensibilityGlobals) = postSolution
		SolutionGuid = {A6F3C39B-B220-40DB-9CB4-AA5DD98B9B6C}
	EndGlobalSection
EndGlobal
